{
	"name": "dev",
	"version": "1.0.0",
	"lockfileVersion": 1,
	"requires": true,
	"dependencies": {
		"@appnest/masonry-layout": {
			"version": "1.0.0",
			"resolved": "https://registry.npmjs.org/@appnest/masonry-layout/-/masonry-layout-1.0.0.tgz",
			"integrity": "sha512-R0qgKhZejDO0L0hVHBucsaR0JXh+2PzjX3vzmHRPczTkgg20wsYZAvMZ/IcNeevL3evaIv08cn59URBoZzE6JQ=="
		},
		"@aybolit/core": {
			"version": "0.1.0",
			"resolved": "https://registry.npmjs.org/@aybolit/core/-/core-0.1.0.tgz",
			"integrity": "sha512-vubUODRgVEoMHGvkrXZBfhs+uv87rWktTNVRocQYwvXXz2A7ozQ07XknGAs2mvMMJ/qA74Q9ZqptE/KmJGrkRw==",
			"requires": {
				"lit-element": "^2.0.1",
				"lit-html": "^1.0.0"
			}
		},
		"@aybolit/material": {
			"version": "0.1.0",
			"resolved": "https://registry.npmjs.org/@aybolit/material/-/material-0.1.0.tgz",
			"integrity": "sha512-D7ZxcujOxTk+bDWHMIAbblFm4kiQYjC7MOcF+Yy2SrI2NA0ILCB9v1NsNVlG52zC/fx5rZLqUYAD1vT6GELz/A==",
			"requires": {
				"@aybolit/core": "^0.1.0",
				"lit-element": "^2.0.1"
			}
		},
		"@bundled-es-modules/message-format": {
			"version": "6.0.4",
			"resolved": "https://registry.npmjs.org/@bundled-es-modules/message-format/-/message-format-6.0.4.tgz",
			"integrity": "sha512-NGUoPxqsBzDwvRhY3A3L/AhS1hzS9OWappfyDOyCwE7G3W4ua28gau7QwvJz7QzA6ArbAdeb8c1mLjvd1WUFAA=="
		},
		"@ionic/core": {
			"version": "4.5.0",
			"resolved": "https://registry.npmjs.org/@ionic/core/-/core-4.5.0.tgz",
			"integrity": "sha512-vck9hBkIVtWrLYERgQ5utpyCoSvSJo7ViQtoaZLwdjz7Pz2RzTgYEiLEU1No5oY8TR1amOq1yxAHDvM7qsFx2Q==",
			"requires": {
				"ionicons": "4.5.8"
			}
		},
		"@lion/button": {
			"version": "0.1.26",
			"resolved": "https://registry.npmjs.org/@lion/button/-/button-0.1.26.tgz",
			"integrity": "sha512-XWxqFdVIUbzeJxD99DpasfsGgloYM5o5slie2y4zfjcGj9oWx9JeJEjF/Pubuh8d0S+BmzbxqJVGY5VGXp6Smw==",
			"requires": {
				"@lion/core": "^0.1.9"
			}
		},
		"@lion/core": {
			"version": "0.1.9",
			"resolved": "https://registry.npmjs.org/@lion/core/-/core-0.1.9.tgz",
			"integrity": "sha512-pZh5GglQDfA91pZ47K2kP1itcfnCXX5EeVBrFN/JpLDUXSHxMYmvDIUslrwsfcAKT0TRrcQvW40JpKa/jSh4rw==",
			"requires": {
				"lit-element": "~2.1.0",
				"lit-html": "^1.0.0"
			},
			"dependencies": {
				"lit-element": {
					"version": "2.1.0",
					"resolved": "https://registry.npmjs.org/lit-element/-/lit-element-2.1.0.tgz",
					"integrity": "sha512-0z/KHm1xZweivfOVRr8AKR06+D3k02u15m9s4jkuRdnGe5wfmEwePzrQQBsSZNILdnfJvfo3TJOeGhBCVZaPbw==",
					"requires": {
						"lit-html": "^1.0.0"
					}
				}
			}
		},
		"@lion/field": {
			"version": "0.1.21",
			"resolved": "https://registry.npmjs.org/@lion/field/-/field-0.1.21.tgz",
			"integrity": "sha512-0VE4I+DPXoJihtUcb8OkQ8qxitOW9Vz4omDtTQEvYFMJM/bvuvKU6/AqlmffY+QbZYIarfBd4UH+ZJntcz4law==",
			"requires": {
				"@lion/core": "^0.1.9",
				"@lion/validate": "^0.2.9"
			}
		},
		"@lion/input": {
			"version": "0.1.22",
			"resolved": "https://registry.npmjs.org/@lion/input/-/input-0.1.22.tgz",
			"integrity": "sha512-gY5FF0fxIYx1cxMAZGuqSr0w4008j84ZU4yf/FFD07ojD/bLH6/1bKNdOYNrZE7NaShIKA1+vFp6HPh5VkCoew==",
			"requires": {
				"@lion/core": "^0.1.9",
				"@lion/field": "^0.1.21"
			}
		},
		"@lion/localize": {
			"version": "0.4.0",
			"resolved": "https://registry.npmjs.org/@lion/localize/-/localize-0.4.0.tgz",
			"integrity": "sha512-1gFmej23T5an9UglJFCe+GNcxr/A4k9JaXjcpgAcJ9KaauciEP0LnlGmH8BQxkj3zaNtWXTravwXbFM6yGT/mw==",
			"requires": {
				"@bundled-es-modules/message-format": "6.0.4",
				"@lion/core": "^0.1.9"
			}
		},
		"@lion/textarea": {
			"version": "0.1.22",
			"resolved": "https://registry.npmjs.org/@lion/textarea/-/textarea-0.1.22.tgz",
			"integrity": "sha512-BKn6a0pNaO3AGgARpPk4hIJTzyF4l1uVGcZVgOJjccW2kdsBup++Gh8BflvPDkxAjod/KeABAxYubsMd+7Uoeg==",
			"requires": {
				"@lion/core": "^0.1.9",
				"@lion/input": "^0.1.22",
				"autosize": "4.0.2"
			}
		},
		"@lion/validate": {
			"version": "0.2.9",
			"resolved": "https://registry.npmjs.org/@lion/validate/-/validate-0.2.9.tgz",
			"integrity": "sha512-Rl/VjKNYHROFwyKwXUrwXJpXC0aZx7anfZEs1jBbIyQZLcAe6sqDxYBxyBhV7wuvsmCBzZ9g/KOpX2C7clXPFQ==",
			"requires": {
				"@lion/core": "^0.1.9",
				"@lion/localize": "^0.4.0"
			}
		},
		"@material/animation": {
			"version": "1.0.0",
			"resolved": "https://registry.npmjs.org/@material/animation/-/animation-1.0.0.tgz",
			"integrity": "sha512-Ed5/vggn6ZhSJ87yn3ZS1d826VJNFz73jHF2bSsgRtHDoB8KCuOwQMfdgAgDa4lKDF6CDIPCKBZPKrs2ubehdw==",
			"requires": {
				"tslib": "^1.9.3"
			}
		},
		"@material/base": {
			"version": "1.0.0",
			"resolved": "https://registry.npmjs.org/@material/base/-/base-1.0.0.tgz",
			"integrity": "sha512-5dxFp46x5FA+Epg6YHLzN+5zRt9S2wR84UdvVAEJ1egea94m9UHUg7y9tAnNSN16aexRSywmzyLwPr+i8PGEYA==",
			"requires": {
				"tslib": "^1.9.3"
			}
		},
		"@material/button": {
			"version": "1.1.1",
			"resolved": "https://registry.npmjs.org/@material/button/-/button-1.1.1.tgz",
			"integrity": "sha512-03aEyzZBIeqpgZkqLjro/enz8ORUnfQslBUdAgkPqdjh1X0oIEugr3UaFyC5QlSBTU3j3GIsnKIxWaggkRenpQ==",
			"requires": {
				"@material/elevation": "^1.1.0",
				"@material/feature-targeting": "^0.44.1",
				"@material/ripple": "^1.1.0",
				"@material/rtl": "^0.42.0",
				"@material/shape": "^1.1.1",
				"@material/theme": "^1.1.0",
				"@material/typography": "^1.0.0"
			}
		},
		"@material/checkbox": {
			"version": "1.1.0",
			"resolved": "https://registry.npmjs.org/@material/checkbox/-/checkbox-1.1.0.tgz",
			"integrity": "sha512-jCrkG8VkN63uH+YRhu7RWIsrYGw2Gu89OEPe+sqGYWsr+BbOuzBBqxrM09rUkXykCyi8gAbxpWZPVGCmcDHtJQ==",
			"requires": {
				"@material/animation": "^1.0.0",
				"@material/base": "^1.0.0",
				"@material/dom": "^1.1.0",
				"@material/feature-targeting": "^0.44.1",
				"@material/ripple": "^1.1.0",
				"@material/rtl": "^0.42.0",
				"@material/theme": "^1.1.0",
				"tslib": "^1.9.3"
			}
		},
		"@material/dom": {
			"version": "1.1.0",
			"resolved": "https://registry.npmjs.org/@material/dom/-/dom-1.1.0.tgz",
			"integrity": "sha512-+HWW38ZaM2UBPu4+7QCusLDSf4tFT31rsEXHkTkxYSg/QpDivfPx6YDz4OmYtafmhPR1d1YjqB3MYysUHdodyw==",
			"requires": {
				"tslib": "^1.9.3"
			}
		},
		"@material/elevation": {
			"version": "1.1.0",
			"resolved": "https://registry.npmjs.org/@material/elevation/-/elevation-1.1.0.tgz",
			"integrity": "sha512-m4eATJvDhWK1BT+yA1iHz5mhAk8cV9olC4mjVzm4PTAqhDH2yya4WzjN1HPVHE/a65ObyZ7V4qopxu9MRocm3A==",
			"requires": {
				"@material/animation": "^1.0.0",
				"@material/feature-targeting": "^0.44.1",
				"@material/theme": "^1.1.0"
			}
		},
		"@material/feature-targeting": {
			"version": "0.44.1",
			"resolved": "https://registry.npmjs.org/@material/feature-targeting/-/feature-targeting-0.44.1.tgz",
			"integrity": "sha512-90cc7njn4aHbH9UxY8qgZth1W5JgOgcEdWdubH1t7sFkwqFxS5g3zgxSBt46TygFBVIXNZNq35Xmg80wgqO7Pg=="
		},
		"@material/mwc-base": {
			"version": "0.5.0",
			"resolved": "https://registry.npmjs.org/@material/mwc-base/-/mwc-base-0.5.0.tgz",
			"integrity": "sha512-G0n5LCmeXs9QR/ptHgUmV043wUVN2Uq1CWxUeGisGEPCI5e/mt9ISk5/7MubO25yF9muQeQXxXdRt/kFc7xGCg==",
			"requires": {
				"@material/base": "^1.0.0",
				"lit-element": "^2.0.1",
				"lit-html": "^1.0.0"
			}
		},
		"@material/mwc-button": {
			"version": "0.6.0",
			"resolved": "https://registry.npmjs.org/@material/mwc-button/-/mwc-button-0.6.0.tgz",
			"integrity": "sha512-oZTXXtg5z7tqvbFN5gMWsya/OU1ThEQ8ZZ/KN4PzDHGoYcjGLWWYTyDtarfP2VfJn+pRL0Ql5+l3i8j1i4Vr8Q==",
			"requires": {
				"@material/button": "^1.0.0",
				"@material/mwc-base": "^0.6.0",
				"@material/mwc-icon": "^0.6.0",
				"@material/mwc-ripple": "^0.6.0"
			},
			"dependencies": {
				"@material/mwc-base": {
					"version": "0.6.0",
					"resolved": "https://registry.npmjs.org/@material/mwc-base/-/mwc-base-0.6.0.tgz",
					"integrity": "sha512-AiMEoU3dkLhuEnK5HJ0yMrdcyq5rUq9LdooxOSLMzPRr/ALT8YS14/oklufYiPagehzJcL0MeiyL40OlSpkyBA==",
					"requires": {
						"@material/base": "^1.0.0",
						"lit-element": "^2.0.1",
						"lit-html": "^1.0.0"
					}
				},
				"@material/mwc-icon": {
					"version": "0.6.0",
					"resolved": "https://registry.npmjs.org/@material/mwc-icon/-/mwc-icon-0.6.0.tgz",
					"integrity": "sha512-Pm4nalbSfsgMz0K8dRaE2tBsyiCozrlgh9iEtBvRdYV6IzPJacXjqsf8+2faW3lfmh4PRLQzVJ7Fldm+ljxzBA==",
					"requires": {
						"@material/mwc-base": "^0.6.0"
					}
				}
			}
		},
		"@material/mwc-checkbox": {
			"version": "0.6.0",
			"resolved": "https://registry.npmjs.org/@material/mwc-checkbox/-/mwc-checkbox-0.6.0.tgz",
			"integrity": "sha512-EbRuxpH0Y76X1Hp+96/JpfZgXn0Bxhqe4ZuTlzp0m3Kgc/rB9U6mqCT/8xZuOsmvtc/+bM+4fV2Jr3B/b/Rpqg==",
			"requires": {
				"@material/checkbox": "^1.0.0",
				"@material/mwc-base": "^0.6.0",
				"@material/mwc-ripple": "^0.6.0"
			},
			"dependencies": {
				"@material/mwc-base": {
					"version": "0.6.0",
					"resolved": "https://registry.npmjs.org/@material/mwc-base/-/mwc-base-0.6.0.tgz",
					"integrity": "sha512-AiMEoU3dkLhuEnK5HJ0yMrdcyq5rUq9LdooxOSLMzPRr/ALT8YS14/oklufYiPagehzJcL0MeiyL40OlSpkyBA==",
					"requires": {
						"@material/base": "^1.0.0",
						"lit-element": "^2.0.1",
						"lit-html": "^1.0.0"
					}
				},
				"@material/mwc-ripple": {
					"version": "0.6.0",
					"resolved": "https://registry.npmjs.org/@material/mwc-ripple/-/mwc-ripple-0.6.0.tgz",
					"integrity": "sha512-K0b3VtKTlUd2RLaSJd6y9lBX47A84QjsK4eMn3PhDlWG7CkfhRf5XBZrOf/wzrqNf2/0w5of+8rFkohTraLHiw==",
					"requires": {
						"@material/mwc-base": "^0.6.0",
						"@material/ripple": "^1.0.0",
						"lit-html": "^1.0.0"
					}
				}
			}
		},
		"@material/mwc-icon": {
			"version": "0.5.0",
			"resolved": "https://registry.npmjs.org/@material/mwc-icon/-/mwc-icon-0.5.0.tgz",
			"integrity": "sha512-vDzNc3sYPm9I5cG//TiYM5BTt3zW283zC8F5mx2rmtK3E7/UXRZmT6b94rv9em7mEUv86DedYPzCzND8oXctxA==",
			"requires": {
				"@material/mwc-base": "^0.5.0"
			}
		},
		"@material/mwc-ripple": {
			"version": "0.6.0",
			"resolved": "https://registry.npmjs.org/@material/mwc-ripple/-/mwc-ripple-0.6.0.tgz",
			"integrity": "sha512-K0b3VtKTlUd2RLaSJd6y9lBX47A84QjsK4eMn3PhDlWG7CkfhRf5XBZrOf/wzrqNf2/0w5of+8rFkohTraLHiw==",
			"requires": {
				"@material/mwc-base": "^0.6.0",
				"@material/ripple": "^1.0.0",
				"lit-html": "^1.0.0"
			},
			"dependencies": {
				"@material/mwc-base": {
					"version": "0.6.0",
					"resolved": "https://registry.npmjs.org/@material/mwc-base/-/mwc-base-0.6.0.tgz",
					"integrity": "sha512-AiMEoU3dkLhuEnK5HJ0yMrdcyq5rUq9LdooxOSLMzPRr/ALT8YS14/oklufYiPagehzJcL0MeiyL40OlSpkyBA==",
					"requires": {
						"@material/base": "^1.0.0",
						"lit-element": "^2.0.1",
						"lit-html": "^1.0.0"
					}
				}
			}
		},
		"@material/ripple": {
			"version": "1.1.0",
			"resolved": "https://registry.npmjs.org/@material/ripple/-/ripple-1.1.0.tgz",
			"integrity": "sha512-mkfDBZAmxjpRG7V9TrfOmLxt1g/wvGHCXtYPgvH7W8ozjf53edqxLOFENEdvHbie27y9nyixzXn0gzU0HnxSeA==",
			"requires": {
				"@material/animation": "^1.0.0",
				"@material/base": "^1.0.0",
				"@material/dom": "^1.1.0",
				"@material/feature-targeting": "^0.44.1",
				"@material/theme": "^1.1.0",
				"tslib": "^1.9.3"
			}
		},
		"@material/rtl": {
			"version": "0.42.0",
			"resolved": "https://registry.npmjs.org/@material/rtl/-/rtl-0.42.0.tgz",
			"integrity": "sha512-VrnrKJzhmspsN8WXHuxxBZ69yM5IwhCUqWr1t1eNfw3ZEvEj7i1g3P31HGowKThIN1dc1Wh4LE14rCISWCtv5w=="
		},
		"@material/shape": {
			"version": "1.1.1",
			"resolved": "https://registry.npmjs.org/@material/shape/-/shape-1.1.1.tgz",
			"integrity": "sha512-Jge/h1XBLjdLlam4QMSzVgM99e/N8+elQROPkltqVP7eyLc17BwM3aP5cLVfZDgrJgvsjUxbgAP1H1j8sqmUyg==",
			"requires": {
				"@material/feature-targeting": "^0.44.1"
			}
		},
		"@material/theme": {
			"version": "1.1.0",
			"resolved": "https://registry.npmjs.org/@material/theme/-/theme-1.1.0.tgz",
			"integrity": "sha512-YYUV9Rhbx4r/EMb/zoOYJUWjhXChNaLlH1rqt3vpNVyxRcxGqoVMGp5u1XALBCFiD9dACPKLIkKyRYa928nmPQ==",
			"requires": {
				"@material/feature-targeting": "^0.44.1"
			}
		},
		"@material/typography": {
			"version": "1.0.0",
			"resolved": "https://registry.npmjs.org/@material/typography/-/typography-1.0.0.tgz",
			"integrity": "sha512-Oeqbjci1cC7jTE8/n3dwnkqKe9ZeWiaE+rgMtRYtRFw1HvAw14SpGA5EEAS/Li2Hu2KZ50FYCe3HYqShfxtChA==",
			"requires": {
				"@material/feature-targeting": "^0.44.1"
			}
		},
		"@polymer/app-layout": {
			"version": "3.1.0",
			"resolved": "https://registry.npmjs.org/@polymer/app-layout/-/app-layout-3.1.0.tgz",
			"integrity": "sha512-+jf5/TtUDj/la9Vi59ooGNjnTN8JTkyIUK8gxAms0N3MmyeqrmcNLlJKDVyE6IIGKz0WfFeGKqKtmtTLHrZIlg==",
			"requires": {
				"@polymer/iron-flex-layout": "^3.0.0-pre.26",
				"@polymer/iron-media-query": "^3.0.0-pre.26",
				"@polymer/iron-resizable-behavior": "^3.0.0-pre.26",
				"@polymer/iron-scroll-target-behavior": "^3.0.0-pre.26",
				"@polymer/polymer": "^3.0.0"
			}
		},
		"@polymer/font-roboto": {
			"version": "3.0.2",
			"resolved": "https://registry.npmjs.org/@polymer/font-roboto/-/font-roboto-3.0.2.tgz",
			"integrity": "sha512-tx5TauYSmzsIvmSqepUPDYbs4/Ejz2XbZ1IkD7JEGqkdNUJlh+9KU85G56Tfdk/xjEZ8zorFfN09OSwiMrIQWA=="
		},
		"@polymer/iron-a11y-announcer": {
			"version": "3.0.2",
			"resolved": "https://registry.npmjs.org/@polymer/iron-a11y-announcer/-/iron-a11y-announcer-3.0.2.tgz",
			"integrity": "sha512-LqnMF39mXyxSSRbTHRzGbcJS8nU0NVTo2raBOgOlpxw5yfGJUVcwaTJ/qy5NtWCZLRfa4suycf0oAkuUjHTXHQ==",
			"requires": {
				"@polymer/polymer": "^3.0.0"
			}
		},
		"@polymer/iron-a11y-keys-behavior": {
			"version": "3.0.1",
			"resolved": "https://registry.npmjs.org/@polymer/iron-a11y-keys-behavior/-/iron-a11y-keys-behavior-3.0.1.tgz",
			"integrity": "sha512-lnrjKq3ysbBPT/74l0Fj0U9H9C35Tpw2C/tpJ8a+5g8Y3YJs1WSZYnEl1yOkw6sEyaxOq/1DkzH0+60gGu5/PQ==",
			"requires": {
				"@polymer/polymer": "^3.0.0"
			}
		},
		"@polymer/iron-behaviors": {
			"version": "3.0.1",
			"resolved": "https://registry.npmjs.org/@polymer/iron-behaviors/-/iron-behaviors-3.0.1.tgz",
			"integrity": "sha512-IMEwcv1lhf1HSQxuyWOUIL0lOBwmeaoSTpgCJeP9IBYnuB1SPQngmfRuHKgK6/m9LQ9F9miC7p3HeQQUdKAE0w==",
			"requires": {
				"@polymer/iron-a11y-keys-behavior": "^3.0.0-pre.26",
				"@polymer/polymer": "^3.0.0"
			}
		},
		"@polymer/iron-checked-element-behavior": {
			"version": "3.0.1",
			"resolved": "https://registry.npmjs.org/@polymer/iron-checked-element-behavior/-/iron-checked-element-behavior-3.0.1.tgz",
			"integrity": "sha512-aDr0cbCNVq49q+pOqa6CZutFh+wWpwPMLpEth9swx+GkAj+gCURhuQkaUYhIo5f2egDbEioR1aeHMnPlU9dQZA==",
			"requires": {
				"@polymer/iron-form-element-behavior": "^3.0.0-pre.26",
				"@polymer/iron-validatable-behavior": "^3.0.0-pre.26",
				"@polymer/polymer": "^3.0.0"
			}
		},
		"@polymer/iron-flex-layout": {
			"version": "3.0.1",
			"resolved": "https://registry.npmjs.org/@polymer/iron-flex-layout/-/iron-flex-layout-3.0.1.tgz",
			"integrity": "sha512-7gB869czArF+HZcPTVSgvA7tXYFze9EKckvM95NB7SqYF+NnsQyhoXgKnpFwGyo95lUjUW9TFDLUwDXnCYFtkw==",
			"requires": {
				"@polymer/polymer": "^3.0.0"
			}
		},
		"@polymer/iron-form-element-behavior": {
			"version": "3.0.1",
			"resolved": "https://registry.npmjs.org/@polymer/iron-form-element-behavior/-/iron-form-element-behavior-3.0.1.tgz",
			"integrity": "sha512-G/e2KXyL5AY7mMjmomHkGpgS0uAf4ovNpKhkuUTRnMuMJuf589bKqE85KN4ovE1Tzhv2hJoh/igyD6ekHiYU1A==",
			"requires": {
				"@polymer/polymer": "^3.0.0"
			}
		},
		"@polymer/iron-icon": {
			"version": "3.0.1",
			"resolved": "https://registry.npmjs.org/@polymer/iron-icon/-/iron-icon-3.0.1.tgz",
			"integrity": "sha512-QLPwirk+UPZNaLnMew9VludXA4CWUCenRewgEcGYwdzVgDPCDbXxy6vRJjmweZobMQv/oVLppT2JZtJFnPxX6g==",
			"requires": {
				"@polymer/iron-flex-layout": "^3.0.0-pre.26",
				"@polymer/iron-meta": "^3.0.0-pre.26",
				"@polymer/polymer": "^3.0.0"
			}
		},
		"@polymer/iron-iconset-svg": {
			"version": "3.0.1",
			"resolved": "https://registry.npmjs.org/@polymer/iron-iconset-svg/-/iron-iconset-svg-3.0.1.tgz",
			"integrity": "sha512-XNwURbNHRw6u2fJe05O5fMYye6GSgDlDqCO+q6K1zAnKIrpgZwf2vTkBd5uCcZwsN0FyCB3mvNZx4jkh85dRDw==",
			"requires": {
				"@polymer/iron-meta": "^3.0.0-pre.26",
				"@polymer/polymer": "^3.0.0"
			}
		},
		"@polymer/iron-input": {
			"version": "3.0.1",
			"resolved": "https://registry.npmjs.org/@polymer/iron-input/-/iron-input-3.0.1.tgz",
			"integrity": "sha512-WLx13kEcbH9GKbj9+pWR6pbJkA5kxn3796ynx6eQd2rueMyUfVTR3GzOvadBKsciUuIuzrxpBWZ2+3UcueVUQQ==",
			"requires": {
				"@polymer/iron-a11y-announcer": "^3.0.0-pre.26",
				"@polymer/iron-validatable-behavior": "^3.0.0-pre.26",
				"@polymer/polymer": "^3.0.0"
			}
		},
		"@polymer/iron-media-query": {
			"version": "3.0.1",
			"resolved": "https://registry.npmjs.org/@polymer/iron-media-query/-/iron-media-query-3.0.1.tgz",
			"integrity": "sha512-czUX1pm1zfmfcZtq5J57XFkcobBv08Y50exp0/3v8Bos5VL/jv2tU0RwiTfDBxUMhjicGbgwEBFQPY2V5DMzyw==",
			"requires": {
				"@polymer/polymer": "^3.0.0"
			}
		},
		"@polymer/iron-meta": {
			"version": "3.0.1",
			"resolved": "https://registry.npmjs.org/@polymer/iron-meta/-/iron-meta-3.0.1.tgz",
			"integrity": "sha512-pWguPugiLYmWFV9UWxLWzZ6gm4wBwQdDy4VULKwdHCqR7OP7u98h+XDdGZsSlDPv6qoryV/e3tGHlTIT0mbzJA==",
			"requires": {
				"@polymer/polymer": "^3.0.0"
			}
		},
		"@polymer/iron-resizable-behavior": {
			"version": "3.0.1",
			"resolved": "https://registry.npmjs.org/@polymer/iron-resizable-behavior/-/iron-resizable-behavior-3.0.1.tgz",
			"integrity": "sha512-FyHxRxFspVoRaeZSWpT3y0C9awomb4tXXolIJcZ7RvXhMP632V5lez+ch5G5SwK0LpnAPkg35eB0LPMFv+YMMQ==",
			"requires": {
				"@polymer/polymer": "^3.0.0"
			}
		},
		"@polymer/iron-scroll-target-behavior": {
			"version": "3.0.1",
			"resolved": "https://registry.npmjs.org/@polymer/iron-scroll-target-behavior/-/iron-scroll-target-behavior-3.0.1.tgz",
			"integrity": "sha512-xg1WanG25BIkQE8rhuReqY9zx1K5M7F+YAIYpswEp5eyDIaZ1Y3vUmVeQ3KG+hiSugzI1M752azXN7kvyhOBcQ==",
			"requires": {
				"@polymer/polymer": "^3.0.0"
			}
		},
		"@polymer/iron-validatable-behavior": {
			"version": "3.0.1",
			"resolved": "https://registry.npmjs.org/@polymer/iron-validatable-behavior/-/iron-validatable-behavior-3.0.1.tgz",
			"integrity": "sha512-wwpYh6wOa4fNI+jH5EYKC7TVPYQ2OfgQqocWat7GsNWcsblKYhLYbwsvEY5nO0n2xKqNfZzDLrUom5INJN7msQ==",
			"requires": {
				"@polymer/iron-meta": "^3.0.0-pre.26",
				"@polymer/polymer": "^3.0.0"
			}
		},
		"@polymer/paper-behaviors": {
			"version": "3.0.1",
			"resolved": "https://registry.npmjs.org/@polymer/paper-behaviors/-/paper-behaviors-3.0.1.tgz",
			"integrity": "sha512-6knhj69fPJejv8qR0kCSUY+Q0XjaUf0OSnkjRjmTJPAwSrRYtgqE+l6P1FfA+py1X/cUjgne9EF5rMZAKJIg1g==",
			"requires": {
				"@polymer/iron-behaviors": "^3.0.0-pre.26",
				"@polymer/iron-checked-element-behavior": "^3.0.0-pre.26",
				"@polymer/paper-ripple": "^3.0.0-pre.26",
				"@polymer/polymer": "^3.0.0"
			}
		},
		"@polymer/paper-button": {
			"version": "3.0.1",
			"resolved": "https://registry.npmjs.org/@polymer/paper-button/-/paper-button-3.0.1.tgz",
			"integrity": "sha512-JRNBc+Oj9EWnmyLr7FcCr8T1KAnEHPh6mosln9BUdkM+qYaYsudSICh3cjTIbnj6AuF5OJidoLkM1dlyj0j6Zg==",
			"requires": {
				"@polymer/iron-flex-layout": "^3.0.0-pre.26",
				"@polymer/paper-behaviors": "^3.0.0-pre.27",
				"@polymer/paper-styles": "^3.0.0-pre.26",
				"@polymer/polymer": "^3.0.0"
			}
		},
		"@polymer/paper-ripple": {
			"version": "3.0.1",
			"resolved": "https://registry.npmjs.org/@polymer/paper-ripple/-/paper-ripple-3.0.1.tgz",
			"integrity": "sha512-dgOe12GyCF1VZBLUQqnzGWlf3xb255FajNCVB1VFj/AtskYtoamnafa7m3a+1vs+C8qbg4Benn5KwgxVDSW4cg==",
			"requires": {
				"@polymer/iron-a11y-keys-behavior": "^3.0.0-pre.26",
				"@polymer/polymer": "^3.0.0"
			}
		},
		"@polymer/paper-styles": {
			"version": "3.0.1",
			"resolved": "https://registry.npmjs.org/@polymer/paper-styles/-/paper-styles-3.0.1.tgz",
			"integrity": "sha512-y6hmObLqlCx602TQiSBKHqjwkE7xmDiFkoxdYGaNjtv4xcysOTdVJsDR/R9UHwIaxJ7gHlthMSykir1nv78++g==",
			"requires": {
				"@polymer/font-roboto": "^3.0.1",
				"@polymer/iron-flex-layout": "^3.0.0-pre.26",
				"@polymer/polymer": "^3.0.0"
			}
		},
		"@polymer/polymer": {
			"version": "3.1.0",
			"resolved": "https://registry.npmjs.org/@polymer/polymer/-/polymer-3.1.0.tgz",
			"integrity": "sha512-hwN8IMERsFATz/9dSMxYHL+84J9uBkPuuarxJWlTsppZ4CAYTZKnepBfNrKoyNsafBmA3yXBiiKPPf+fJtza7A==",
			"requires": {
				"@webcomponents/shadycss": "^1.5.2"
			}
		},
		"@vaadin/vaadin-button": {
			"version": "2.2.1",
			"resolved": "https://registry.npmjs.org/@vaadin/vaadin-button/-/vaadin-button-2.2.1.tgz",
			"integrity": "sha512-FjgC/NIRkmV5PVaZz4qvS7h8AJpAStcutZhn71gBeKVyKvSG4QUzZo1cP5XK050ZVOIQA/LFGimZfHVqJV350Q==",
			"requires": {
				"@polymer/polymer": "^3.0.0",
				"@vaadin/vaadin-control-state-mixin": "^2.1.1",
				"@vaadin/vaadin-element-mixin": "^2.0.0",
				"@vaadin/vaadin-lumo-styles": "^1.3.3",
				"@vaadin/vaadin-material-styles": "^1.2.0",
				"@vaadin/vaadin-themable-mixin": "^1.2.1"
			}
		},
		"@vaadin/vaadin-control-state-mixin": {
			"version": "2.1.3",
			"resolved": "https://registry.npmjs.org/@vaadin/vaadin-control-state-mixin/-/vaadin-control-state-mixin-2.1.3.tgz",
			"integrity": "sha512-EtLfMN9i/gwToAEuW6E1OA2Q2i/4a+Il6tKkqE/0i7bgu3Xr1IITMcagQn9QSsp1Xkpr/nLtWWKRq7yZZkbHVg==",
			"requires": {
				"@polymer/polymer": "^3.0.0"
			}
		},
		"@vaadin/vaadin-development-mode-detector": {
			"version": "2.0.0",
			"resolved": "https://registry.npmjs.org/@vaadin/vaadin-development-mode-detector/-/vaadin-development-mode-detector-2.0.0.tgz",
			"integrity": "sha512-pzSaUqn+lJbTL2ZC6NCAfhyMymMYg2p4DzeUXdyInJISwSWmgh9RlRVpAGhi6MIUOKC7kGeKPAiB4vyWsEhzDg=="
		},
		"@vaadin/vaadin-element-mixin": {
			"version": "2.1.3",
			"resolved": "https://registry.npmjs.org/@vaadin/vaadin-element-mixin/-/vaadin-element-mixin-2.1.3.tgz",
			"integrity": "sha512-tCEdrS5JMIl9ZsyjnV28XI2AFLC35RUWRF6XPrvm/MpKAxWLk1MlYrkwR26avOuSqvNwCBO56NIDN2k1yYC4eA==",
			"requires": {
				"@polymer/polymer": "^3.0.0",
				"@vaadin/vaadin-development-mode-detector": "^2.0.0",
				"@vaadin/vaadin-usage-statistics": "^2.0.2"
			}
		},
		"@vaadin/vaadin-lumo-styles": {
			"version": "1.4.1",
			"resolved": "https://registry.npmjs.org/@vaadin/vaadin-lumo-styles/-/vaadin-lumo-styles-1.4.1.tgz",
			"integrity": "sha512-v0dYpXXEhRv5xhF9rQ4+BPXQWk/z6R1TOm9iNOI75UCqX8llS9E+SVeGFiB/w4PzgFlFK72DVJrtiwoUsSADzQ==",
			"requires": {
				"@polymer/iron-icon": "^3.0.0",
				"@polymer/iron-iconset-svg": "^3.0.0",
				"@polymer/polymer": "^3.0.0"
			}
		},
		"@vaadin/vaadin-material-styles": {
			"version": "1.2.2",
			"resolved": "https://registry.npmjs.org/@vaadin/vaadin-material-styles/-/vaadin-material-styles-1.2.2.tgz",
			"integrity": "sha512-da4zBLC9e16AjTXh1wG3jdFFV+2/L57NeQez2xj/al689uvts8WpB7NErXhNMUU5m9X2os4XpyEBS+OX/8OUdQ==",
			"requires": {
				"@polymer/polymer": "^3.0.0"
			}
		},
		"@vaadin/vaadin-progress-bar": {
			"version": "1.1.0",
			"resolved": "https://registry.npmjs.org/@vaadin/vaadin-progress-bar/-/vaadin-progress-bar-1.1.0.tgz",
			"integrity": "sha512-EnM/ikNIgp47KCvzJeq7D2uueP7nGTKuhZWZVOMsKkX8tb+o68FJJdWZ1QkLJ+9Z1AKCAz5QhSKgP4+EPoiL2w==",
			"requires": {
				"@polymer/polymer": "^3.0.0",
				"@vaadin/vaadin-element-mixin": "^2.0.0",
				"@vaadin/vaadin-lumo-styles": "^1.1.0",
				"@vaadin/vaadin-material-styles": "^1.1.0",
				"@vaadin/vaadin-themable-mixin": "^1.2.1"
			}
		},
		"@vaadin/vaadin-themable-mixin": {
			"version": "1.4.4",
			"resolved": "https://registry.npmjs.org/@vaadin/vaadin-themable-mixin/-/vaadin-themable-mixin-1.4.4.tgz",
			"integrity": "sha512-S/zN0DvSQ3cy1PdH0Dfa2yQirIFQKWCC3o0YdBzrKVCGvi5QW8+IqBTDFKnIaOfWjYoHsw2eunWcg9pu2jlI1Q==",
			"requires": {
				"@polymer/polymer": "^3.0.0"
			}
		},
		"@vaadin/vaadin-upload": {
			"version": "4.2.1",
			"resolved": "https://registry.npmjs.org/@vaadin/vaadin-upload/-/vaadin-upload-4.2.1.tgz",
			"integrity": "sha512-MY21sMl87fklAbR9EoXJYee7RA0qpbIPRLGt88apl/fsldLwVpK0oYmR3Yl2ctohVy3pj+Yacpw4nGlX3+OV3A==",
			"requires": {
				"@polymer/polymer": "^3.0.0",
				"@vaadin/vaadin-button": "^2.1.0",
				"@vaadin/vaadin-element-mixin": "^2.0.0",
				"@vaadin/vaadin-lumo-styles": "^1.1.0",
				"@vaadin/vaadin-material-styles": "^1.1.0",
				"@vaadin/vaadin-progress-bar": "^1.1.0",
				"@vaadin/vaadin-themable-mixin": "^1.2.1"
			}
		},
		"@vaadin/vaadin-usage-statistics": {
			"version": "2.0.2",
			"resolved": "https://registry.npmjs.org/@vaadin/vaadin-usage-statistics/-/vaadin-usage-statistics-2.0.2.tgz",
			"integrity": "sha512-emu6IttPhlfH7chc3tvvZyztULtrMhNi6SK6BPXe7hN9PvF3XZfLLtVHxQMbJid85yYDcynKSyKznlhDkyrc7Q==",
			"requires": {
				"@vaadin/vaadin-development-mode-detector": "^2.0.0"
			}
		},
		"@webcomponents/shadycss": {
			"version": "1.9.0",
			"resolved": "https://registry.npmjs.org/@webcomponents/shadycss/-/shadycss-1.9.0.tgz",
			"integrity": "sha512-g8Xa+6RSEME4g/wLJW4YII0eq15rvXp76RxPAuv7hx+Bdoi7GzZJ/EoZOUfyIbqAsQbII1TcWD4/+Xhs5NcM1w=="
		},
		"autosize": {
			"version": "4.0.2",
			"resolved": "https://registry.npmjs.org/autosize/-/autosize-4.0.2.tgz",
			"integrity": "sha512-jnSyH2d+qdfPGpWlcuhGiHmqBJ6g3X+8T+iRwFrHPLVcdoGJE/x6Qicm6aDHfTsbgZKxyV8UU/YB2p4cjKDRRA=="
		},
		"eases-jsnext": {
			"version": "1.0.10",
			"resolved": "https://registry.npmjs.org/eases-jsnext/-/eases-jsnext-1.0.10.tgz",
			"integrity": "sha512-1bO1+FIuqtOZpcyoIJuTnw8PU9X+RHHA248mZ1m+CPiiKFGCiNLWecITlhO4DXe7whZmBoJyfKwUoMW0KK5mNw=="
		},
		"easing-animation-frames": {
			"version": "0.0.8",
			"resolved": "https://registry.npmjs.org/easing-animation-frames/-/easing-animation-frames-0.0.8.tgz",
			"integrity": "sha512-SuKUFnFWV5OQ8yHj04e1liJpbZBEif6LTyDALtV8F/qanWFvI9Ecw4W8WJvEW+VsQ/SiZHLFHcLfi7pI/xnhBQ==",
			"requires": {
				"eases-jsnext": "^1.0.10"
			}
		},
		"elix": {
			"version": "6.0.5",
			"resolved": "https://registry.npmjs.org/elix/-/elix-6.0.5.tgz",
			"integrity": "sha512-oD7S0OZol8IA7quBrNuDGdyY0u2yepKIKJoQ+lum5S2pDHbKI3Eh1pR/GNBSGpuwG3475kz+BMXHLPlUcrQNdg=="
		},
		"ionicons": {
			"version": "4.5.8",
			"resolved": "https://registry.npmjs.org/ionicons/-/ionicons-4.5.8.tgz",
			"integrity": "sha512-Zib/fFGHt+r9tWrvZnrxVj22cO4NVj+ZOb76v5yiOyvb0LSTbbReECDg7lEU8e+YR69qCtWHruStJ+b4G/OWxg=="
		},
		"lit-element": {
			"version": "2.2.1",
			"resolved": "https://registry.npmjs.org/lit-element/-/lit-element-2.2.1.tgz",
			"integrity": "sha512-ipDcgQ1EpW6Va2Z6dWm79jYdimVepO5GL0eYkZrFvdr0OD/1N260Q9DH+K5HXHFrRoC7dOg+ZpED2XE0TgGdXw==",
			"requires": {
				"lit-html": "^1.0.0"
			}
		},
		"lit-html": {
			"version": "1.1.1",
			"resolved": "https://registry.npmjs.org/lit-html/-/lit-html-1.1.1.tgz",
			"integrity": "sha512-1WqhkPpj+CKwLRXCCbyRGnWkcFKE4ft2+j8C2zaXwFUK9I2vYDzTuDGPh0H9hZcDBEwoe6YpPC8AO5734EPORQ=="
		},
		"progress-ring-component": {
			"version": "0.0.12",
			"resolved": "https://registry.npmjs.org/progress-ring-component/-/progress-ring-component-0.0.12.tgz",
			"integrity": "sha512-D73zKJKwMoHH10VXCnSSVRfnLHPYUGLz9sXHxad636Gi3vmHhV8WoNPviI15I9xxsmpEM//AmIDIrXFbxrZFtw==",
			"requires": {
				"easing-animation-frames": "0.0.8"
			}
		},
		"roughjs": {
			"version": "3.1.0",
			"resolved": "https://registry.npmjs.org/roughjs/-/roughjs-3.1.0.tgz",
			"integrity": "sha512-WJIKyWxBlEIuMeK0foUZD1KVYzT6Dn62ksawZrlu3BzxUxgtPdnlCMDgX/C3N5gxj/AMRazstKOFm70tqTo5Bw==",
			"requires": {
				"workly": "^1.2.0"
			}
		},
		"tslib": {
			"version": "1.9.3",
			"resolved": "https://registry.npmjs.org/tslib/-/tslib-1.9.3.tgz",
			"integrity": "sha512-4krF8scpejhaOgqzBEcGM7yDIEfi0/8+8zDRZhNZZ2kjmHJ4hv3zCbQWxoJGz1iw5U0Jl0nma13xzHXcncMavQ=="
		},
		"wired-button": {
			"version": "1.0.0",
			"resolved": "https://registry.npmjs.org/wired-button/-/wired-button-1.0.0.tgz",
			"integrity": "sha512-IUDrLpvLzLlUHOrakCb1QBLWbp1xhpoIMrrggnW7qG+4OWc/SR8N1FK1uBskqPjuqqRZPCPTBCO9QjRgKMgqjA==",
			"requires": {
				"wired-lib": "^1.0.0"
			}
		},
		"wired-card": {
			"version": "1.0.0",
			"resolved": "https://registry.npmjs.org/wired-card/-/wired-card-1.0.0.tgz",
			"integrity": "sha512-GVHHU6wDppZBgGM/nl5sNzF6HMXjn43OJBjBKqo1SlIdpa4l0evZq/4D7h4mP0FYvxY9SuNNQLkOU3RvVuGeow==",
			"requires": {
				"wired-lib": "^1.0.0"
			}
		},
		"wired-checkbox": {
			"version": "1.0.0",
			"resolved": "https://registry.npmjs.org/wired-checkbox/-/wired-checkbox-1.0.0.tgz",
			"integrity": "sha512-FTcBbtSHwT6DA2h01Y4lkUbsVrskPjTRNJ4EWNai4eN6FdAvf5vw+I4/d+6Dgatr495LLoaae2HqcEOqTE1I3A==",
			"requires": {
				"wired-lib": "^1.0.0"
			}
		},
		"wired-combo": {
			"version": "1.0.0",
			"resolved": "https://registry.npmjs.org/wired-combo/-/wired-combo-1.0.0.tgz",
			"integrity": "sha512-fqx6SVa5d0GbrmnhKiPvVvRGZV76Qr9RIIeC1j1SqnXyMYGcu/xElezbHaajbkoU4tr4c78N7YFGBbE5cZ5Qsg==",
			"requires": {
				"wired-card": "^1.0.0",
				"wired-item": "^1.0.0",
				"wired-lib": "^1.0.0"
			}
		},
		"wired-elements": {
			"version": "1.0.0",
			"resolved": "https://registry.npmjs.org/wired-elements/-/wired-elements-1.0.0.tgz",
			"integrity": "sha512-bmn92m3ajJmkTt6jqXkbSjgBkcJeQahOBh3qglyEAaqrPM4ifhb42AKXwwNHMakCXgVOfIxGlNDDv5B+OObsLQ==",
			"requires": {
				"wired-button": "^1.0.0",
				"wired-card": "^1.0.0",
				"wired-checkbox": "^1.0.0",
				"wired-combo": "^1.0.0",
				"wired-fab": "^1.0.0",
				"wired-icon-button": "^1.0.0",
				"wired-input": "^1.0.0",
				"wired-item": "^1.0.0",
				"wired-lib": "^1.0.0",
				"wired-listbox": "^1.0.0",
				"wired-progress": "^1.0.0",
				"wired-radio": "^1.0.0",
				"wired-radio-group": "^1.0.0",
				"wired-slider": "^1.0.0",
				"wired-spinner": "^1.0.0",
				"wired-tabs": "^1.0.0",
				"wired-textarea": "^1.0.0",
				"wired-toggle": "^1.0.0",
				"wired-tooltip": "^1.0.0"
			}
		},
		"wired-fab": {
			"version": "1.0.0",
			"resolved": "https://registry.npmjs.org/wired-fab/-/wired-fab-1.0.0.tgz",
			"integrity": "sha512-FJ6mu3btoX/vnJwtDQ7gDCJQj4HBOtTezpwH8Gse7SwWbQJwRKIgPyaDkFyeHdYERF18G2uDQuIwUXoVSVWmqg==",
			"requires": {
				"@material/mwc-icon": "^0.5.0",
				"wired-lib": "^1.0.0"
			}
		},
		"wired-icon-button": {
			"version": "1.0.0",
			"resolved": "https://registry.npmjs.org/wired-icon-button/-/wired-icon-button-1.0.0.tgz",
			"integrity": "sha512-Krkm6lkUdkEM3yeR/H6MMYV0Q3ej/yN9pxu9KYIWeo1caqYbj3ENNnyAOLyoxeDbX2DWuyFkB4RCDFLGzKAGeQ==",
			"requires": {
				"@material/mwc-icon": "^0.5.0",
				"wired-lib": "^1.0.0"
			}
		},
		"wired-input": {
			"version": "1.0.0",
			"resolved": "https://registry.npmjs.org/wired-input/-/wired-input-1.0.0.tgz",
			"integrity": "sha512-7m6yitMjMYtLN6OqaSfctfgGhN7dnSyRej5mEisboCPDwGBVmqSqj3mTSaHife4Lceu5jMRmrEUJQWCevozwyw==",
			"requires": {
				"wired-lib": "^1.0.0"
			}
		},
		"wired-item": {
			"version": "1.0.0",
			"resolved": "https://registry.npmjs.org/wired-item/-/wired-item-1.0.0.tgz",
			"integrity": "sha512-eJMRzp0nKRVTZSoAbKM5P1hM/vf3NyHftvL70Sg6sj8nqTVNoPvcErRPuVArvu6EcCNR0N3EKn72/Rf47O4uYg==",
			"requires": {
				"wired-lib": "^1.0.0"
			}
		},
		"wired-lib": {
			"version": "1.0.0",
			"resolved": "https://registry.npmjs.org/wired-lib/-/wired-lib-1.0.0.tgz",
			"integrity": "sha512-lEHQQkb8tDZdCrziCAW29GkGs/i23a+ZL68naDs+m0q2ZOdL1yNSjwUIgubmhW0Wv7QRQ0hWd6i/FT/r8SsYVQ==",
			"requires": {
				"lit-element": "^2.1.0",
				"roughjs": "^3.1.0"
			}
		},
		"wired-listbox": {
			"version": "1.0.0",
			"resolved": "https://registry.npmjs.org/wired-listbox/-/wired-listbox-1.0.0.tgz",
			"integrity": "sha512-F8LBJQme+3P1n2BQmWacHWZ2n8Vj5YIxUNpCws9NfebGdXz6j6ayRkJsRReTzu9vZ6n6FjKv/DvnFIxa6UdPfA==",
			"requires": {
				"wired-item": "^1.0.0",
				"wired-lib": "^1.0.0"
			}
		},
		"wired-progress": {
			"version": "1.0.0",
			"resolved": "https://registry.npmjs.org/wired-progress/-/wired-progress-1.0.0.tgz",
			"integrity": "sha512-gELShZ6VVPszWHrRdU7LzdjDGnKlalSJsdvZufT0ebJmredW2z5s5aSTjNMhSatnvCSMO2kWjy6KjFvjws8WGw==",
			"requires": {
				"wired-lib": "^1.0.0"
			}
		},
		"wired-radio": {
			"version": "1.0.0",
			"resolved": "https://registry.npmjs.org/wired-radio/-/wired-radio-1.0.0.tgz",
			"integrity": "sha512-t7KLGwb8DCLXNTBOsfbNIIGQGX42mNOGwhuCuqpVpFfis8gn3NlbK7PoJvzP8g4fBnCZQcsvuhrs6ILN/03M2Q==",
			"requires": {
				"wired-lib": "^1.0.0"
			}
		},
		"wired-radio-group": {
			"version": "1.0.0",
			"resolved": "https://registry.npmjs.org/wired-radio-group/-/wired-radio-group-1.0.0.tgz",
			"integrity": "sha512-hRDNdGo4s0LP2zPuBeNyAcQ4Oz4AGot+rhzMslHD4QkkUDM987pimPMxCdCB7dMXH7gCAHLL3KLPLtFjcRdkAQ==",
			"requires": {
				"wired-lib": "^1.0.0"
			}
		},
		"wired-slider": {
			"version": "1.0.0",
			"resolved": "https://registry.npmjs.org/wired-slider/-/wired-slider-1.0.0.tgz",
			"integrity": "sha512-tviS1CdWo8SR3cOisZf1QjzjXJAIUfVBw6FeDnqv8c5IA2+1x9BsuGYYBUqq1skfv/lj51nfQ3w55CYyGToP3w==",
			"requires": {
				"@polymer/polymer": "^3.2.0",
				"wired-lib": "^1.0.0"
			},
			"dependencies": {
				"@polymer/polymer": {
					"version": "3.2.0",
					"resolved": "https://registry.npmjs.org/@polymer/polymer/-/polymer-3.2.0.tgz",
					"integrity": "sha512-L6uV1oM6T6xbwbVx6t3biG5T2VSSB03LxnIrUd9M2pr6RkHVPFHJ37pC5MUwBAEhkGFJif7eks7fdMMSGZTeEQ==",
					"requires": {
						"@webcomponents/shadycss": "^1.8.0"
					}
				}
			}
		},
		"wired-spinner": {
			"version": "1.0.0",
			"resolved": "https://registry.npmjs.org/wired-spinner/-/wired-spinner-1.0.0.tgz",
			"integrity": "sha512-srckPYKZk4WM41GqhvXQY2OGp78C+zvINrrgXg5QAs7apS/V1n/139MeyQuWDwqqa21HxCZfmEFwOzRYsSQ7/A==",
			"requires": {
				"wired-lib": "^1.0.0"
			}
		},
		"wired-tabs": {
			"version": "1.0.0",
			"resolved": "https://registry.npmjs.org/wired-tabs/-/wired-tabs-1.0.0.tgz",
			"integrity": "sha512-GLjzSTQAIrlgspCZKQW+ICnbIyrAUIgXvRER5PH0GlaNZhMYpBMOAz4VnqjfLtthCNmdY0N3qFdzf9dF3Wu/0w==",
			"requires": {
				"wired-card": "^1.0.0",
				"wired-item": "^1.0.0",
				"wired-lib": "^1.0.0"
			}
		},
		"wired-textarea": {
			"version": "1.0.0",
			"resolved": "https://registry.npmjs.org/wired-textarea/-/wired-textarea-1.0.0.tgz",
			"integrity": "sha512-0At2Ck0dZLok8+OXbZS/Vv50KHCllRkIb2ZEU+BoxcTkBDcRtYouzIueZ/PAiSuHdoLyUFXf6NWQAuWDbNaDyQ==",
			"requires": {
				"wired-lib": "^1.0.0"
			}
		},
		"wired-toggle": {
			"version": "1.0.0",
			"resolved": "https://registry.npmjs.org/wired-toggle/-/wired-toggle-1.0.0.tgz",
			"integrity": "sha512-R3DO7tuUYoFrj92uW9+5EXgQbtZxJ6AnKxcEVjkyOTpJORXhnSqRvYh8ROQDKlNHXIJcqeOc7dL8dSBbIyo2Rg==",
			"requires": {
				"wired-lib": "^1.0.0"
			}
		},
		"wired-tooltip": {
			"version": "1.0.0",
			"resolved": "https://registry.npmjs.org/wired-tooltip/-/wired-tooltip-1.0.0.tgz",
			"integrity": "sha512-pxoAsqYx7FemEC/h8rQk/4GsuH6xo5x833Wn0SzPDNZbcEFKXitxaN7kwvad5naVLN5WTcwTGiWS7LjuPAJ5uw==",
			"requires": {
				"wired-lib": "^1.0.0"
			}
		},
		"workly": {
			"version": "1.3.0",
			"resolved": "https://registry.npmjs.org/workly/-/workly-1.3.0.tgz",
			"integrity": "sha512-eozpibnwnyvsWJEoADCfo3171Ncl4J/57PQnZN37eoVgQG7buf3KEpPNfewDKH4OXf3eAZaUAF57i4ko5zY9Cw=="
		}
	}
}
